
Microsoft Visual Studio Solution File, Format Version 12.00
# Visual Studio Version 17
VisualStudioVersion = 17.1.32407.343
MinimumVisualStudioVersion = 10.0.40219.1
Project("{FAE04EC0-301F-11D3-BF4B-00C04F79EFBC}") = "StudentConsoleApp1", "StudentConsoleApp1.csproj", "{671A9B26-1F8E-4645-838D-78988DCC9083}"
EndProject
Global
	GlobalSection(SolutionConfigurationPlatforms) = preSolution
		Debug|Any CPU = Debug|Any CPU
		Release|Any CPU = Release|Any CPU
	EndGlobalSection
	GlobalSection(ProjectConfigurationPlatforms) = postSolution
		{671A9B26-1F8E-4645-838D-78988DCC9083}.Debug|Any CPU.ActiveCfg = Debug|Any CPU
		{671A9B26-1F8E-4645-838D-78988DCC9083}.Debug|Any CPU.Build.0 = Debug|Any CPU
		{671A9B26-1F8E-4645-838D-78988DCC9083}.Release|Any CPU.ActiveCfg = Release|Any CPU
		{671A9B26-1F8E-4645-838D-78988DCC9083}.Release|Any CPU.Build.0 = Release|Any CPU
	EndGlobalSection
	GlobalSection(SolutionProperties) = preSolution
		HideSolutionNode = FALSE
	EndGlobalSection
	GlobalSection(ExtensibilityGlobals) = postSolution
		SolutionGuid = {2BE5B57E-68BB-486A-B587-9E5C09876097}
	EndGlobalSection
EndGlobal
